
Microsoft Visual Studio Solution File, Format Version 10.00
# Visual Studio 2008
Project("{8BC9CEB8-8B4A-11D0-8D11-00A0C91BC942}") = "baseutils", "baseutils\baseutils.vcproj", "{FD16DFA7-FCFB-4286-BF61-536744326F99}"
EndProject
Project("{8BC9CEB8-8B4A-11D0-8D11-00A0C91BC942}") = "fitz", "fitz\fitz.vcproj", "{00CD7AAA-1665-4BB0-8124-74F65E8BE9AD}"
EndProject
Project("{8BC9CEB8-8B4A-11D0-8D11-00A0C91BC942}") = "jpeg6b", "jpeg6b\jpeg6b.vcproj", "{51B9CE12-62A1-4CF4-B8EB-24EA516EF2DE}"
EndProject
Project("{8BC9CEB8-8B4A-11D0-8D11-00A0C91BC942}") = "jbig2dec", "jbig2dec\jbig2dec.vcproj", "{0FA6BA70-28DC-49F7-BDC0-BB24E02909CD}"
EndProject
Project("{8BC9CEB8-8B4A-11D0-8D11-00A0C91BC942}") = "jasper", "jasper\jasper.vcproj", "{1030B610-AB49-4E06-B6DB-38F778FD9B03}"
EndProject
Project("{8BC9CEB8-8B4A-11D0-8D11-00A0C91BC942}") = "freetype", "freetype\freetype.vcproj", "{78B079BD-9FC7-4B9E-B4A6-96DA0F00248B}"
EndProject
Project("{8BC9CEB8-8B4A-11D0-8D11-00A0C91BC942}") = "zlib", "zlib\zlib.vcproj", "{294CBF3C-276B-40EF-8204-D76A1AA8B9C7}"
EndProject
Project("{8BC9CEB8-8B4A-11D0-8D11-00A0C91BC942}") = "Sample01", "Sample01\Sample01.vcproj", "{BA71DDB9-1CF2-412D-B69E-F945EE91A49D}"
	ProjectSection(ProjectDependencies) = postProject
		{1030B610-AB49-4E06-B6DB-38F778FD9B03} = {1030B610-AB49-4E06-B6DB-38F778FD9B03}
		{51B9CE12-62A1-4CF4-B8EB-24EA516EF2DE} = {51B9CE12-62A1-4CF4-B8EB-24EA516EF2DE}
		{294CBF3C-276B-40EF-8204-D76A1AA8B9C7} = {294CBF3C-276B-40EF-8204-D76A1AA8B9C7}
		{0FA6BA70-28DC-49F7-BDC0-BB24E02909CD} = {0FA6BA70-28DC-49F7-BDC0-BB24E02909CD}
		{FD16DFA7-FCFB-4286-BF61-536744326F99} = {FD16DFA7-FCFB-4286-BF61-536744326F99}
		{00CD7AAA-1665-4BB0-8124-74F65E8BE9AD} = {00CD7AAA-1665-4BB0-8124-74F65E8BE9AD}
		{78B079BD-9FC7-4B9E-B4A6-96DA0F00248B} = {78B079BD-9FC7-4B9E-B4A6-96DA0F00248B}
	EndProjectSection
EndProject
Project("{8BC9CEB8-8B4A-11D0-8D11-00A0C91BC942}") = "SamplePdfTool", "SamplePdfTool\SamplePdfTool.vcproj", "{94705888-7225-4E26-82AA-1F7F5A7D2B20}"
	ProjectSection(ProjectDependencies) = postProject
		{1030B610-AB49-4E06-B6DB-38F778FD9B03} = {1030B610-AB49-4E06-B6DB-38F778FD9B03}
		{51B9CE12-62A1-4CF4-B8EB-24EA516EF2DE} = {51B9CE12-62A1-4CF4-B8EB-24EA516EF2DE}
		{294CBF3C-276B-40EF-8204-D76A1AA8B9C7} = {294CBF3C-276B-40EF-8204-D76A1AA8B9C7}
		{0FA6BA70-28DC-49F7-BDC0-BB24E02909CD} = {0FA6BA70-28DC-49F7-BDC0-BB24E02909CD}
		{FD16DFA7-FCFB-4286-BF61-536744326F99} = {FD16DFA7-FCFB-4286-BF61-536744326F99}
		{00CD7AAA-1665-4BB0-8124-74F65E8BE9AD} = {00CD7AAA-1665-4BB0-8124-74F65E8BE9AD}
		{78B079BD-9FC7-4B9E-B4A6-96DA0F00248B} = {78B079BD-9FC7-4B9E-B4A6-96DA0F00248B}
	EndProjectSection
EndProject
Project("{8BC9CEB8-8B4A-11D0-8D11-00A0C91BC942}") = "soPdf", "soPdf\soPdf.vcproj", "{FBEE1ADC-53C3-408B-9426-A8FC0DACE571}"
	ProjectSection(ProjectDependencies) = postProject
		{1030B610-AB49-4E06-B6DB-38F778FD9B03} = {1030B610-AB49-4E06-B6DB-38F778FD9B03}
		{51B9CE12-62A1-4CF4-B8EB-24EA516EF2DE} = {51B9CE12-62A1-4CF4-B8EB-24EA516EF2DE}
		{294CBF3C-276B-40EF-8204-D76A1AA8B9C7} = {294CBF3C-276B-40EF-8204-D76A1AA8B9C7}
		{0FA6BA70-28DC-49F7-BDC0-BB24E02909CD} = {0FA6BA70-28DC-49F7-BDC0-BB24E02909CD}
		{FD16DFA7-FCFB-4286-BF61-536744326F99} = {FD16DFA7-FCFB-4286-BF61-536744326F99}
		{00CD7AAA-1665-4BB0-8124-74F65E8BE9AD} = {00CD7AAA-1665-4BB0-8124-74F65E8BE9AD}
		{78B079BD-9FC7-4B9E-B4A6-96DA0F00248B} = {78B079BD-9FC7-4B9E-B4A6-96DA0F00248B}
	EndProjectSection
EndProject
Global
	GlobalSection(SolutionConfigurationPlatforms) = preSolution
		Debug Multithreaded|Win32 = Debug Multithreaded|Win32
		Debug Singlethreaded|Win32 = Debug Singlethreaded|Win32
		Debug|Win32 = Debug|Win32
		Release Multithreaded|Win32 = Release Multithreaded|Win32
		Release Singlethreaded|Win32 = Release Singlethreaded|Win32
		Release|Win32 = Release|Win32
	EndGlobalSection
	GlobalSection(ProjectConfigurationPlatforms) = postSolution
		{FD16DFA7-FCFB-4286-BF61-536744326F99}.Debug Multithreaded|Win32.ActiveCfg = Debug|Win32
		{FD16DFA7-FCFB-4286-BF61-536744326F99}.Debug Multithreaded|Win32.Build.0 = Debug|Win32
		{FD16DFA7-FCFB-4286-BF61-536744326F99}.Debug Singlethreaded|Win32.ActiveCfg = Debug|Win32
		{FD16DFA7-FCFB-4286-BF61-536744326F99}.Debug Singlethreaded|Win32.Build.0 = Debug|Win32
		{FD16DFA7-FCFB-4286-BF61-536744326F99}.Debug|Win32.ActiveCfg = Debug|Win32
		{FD16DFA7-FCFB-4286-BF61-536744326F99}.Debug|Win32.Build.0 = Debug|Win32
		{FD16DFA7-FCFB-4286-BF61-536744326F99}.Release Multithreaded|Win32.ActiveCfg = Release|Win32
		{FD16DFA7-FCFB-4286-BF61-536744326F99}.Release Multithreaded|Win32.Build.0 = Release|Win32
		{FD16DFA7-FCFB-4286-BF61-536744326F99}.Release Singlethreaded|Win32.ActiveCfg = Release|Win32
		{FD16DFA7-FCFB-4286-BF61-536744326F99}.Release Singlethreaded|Win32.Build.0 = Release|Win32
		{FD16DFA7-FCFB-4286-BF61-536744326F99}.Release|Win32.ActiveCfg = Release|Win32
		{FD16DFA7-FCFB-4286-BF61-536744326F99}.Release|Win32.Build.0 = Release|Win32
		{00CD7AAA-1665-4BB0-8124-74F65E8BE9AD}.Debug Multithreaded|Win32.ActiveCfg = Debug|Win32
		{00CD7AAA-1665-4BB0-8124-74F65E8BE9AD}.Debug Multithreaded|Win32.Build.0 = Debug|Win32
		{00CD7AAA-1665-4BB0-8124-74F65E8BE9AD}.Debug Singlethreaded|Win32.ActiveCfg = Debug|Win32
		{00CD7AAA-1665-4BB0-8124-74F65E8BE9AD}.Debug Singlethreaded|Win32.Build.0 = Debug|Win32
		{00CD7AAA-1665-4BB0-8124-74F65E8BE9AD}.Debug|Win32.ActiveCfg = Debug|Win32
		{00CD7AAA-1665-4BB0-8124-74F65E8BE9AD}.Debug|Win32.Build.0 = Debug|Win32
		{00CD7AAA-1665-4BB0-8124-74F65E8BE9AD}.Release Multithreaded|Win32.ActiveCfg = Release|Win32
		{00CD7AAA-1665-4BB0-8124-74F65E8BE9AD}.Release Multithreaded|Win32.Build.0 = Release|Win32
		{00CD7AAA-1665-4BB0-8124-74F65E8BE9AD}.Release Singlethreaded|Win32.ActiveCfg = Release|Win32
		{00CD7AAA-1665-4BB0-8124-74F65E8BE9AD}.Release Singlethreaded|Win32.Build.0 = Release|Win32
		{00CD7AAA-1665-4BB0-8124-74F65E8BE9AD}.Release|Win32.ActiveCfg = Release|Win32
		{00CD7AAA-1665-4BB0-8124-74F65E8BE9AD}.Release|Win32.Build.0 = Release|Win32
		{51B9CE12-62A1-4CF4-B8EB-24EA516EF2DE}.Debug Multithreaded|Win32.ActiveCfg = Debug|Win32
		{51B9CE12-62A1-4CF4-B8EB-24EA516EF2DE}.Debug Multithreaded|Win32.Build.0 = Debug|Win32
		{51B9CE12-62A1-4CF4-B8EB-24EA516EF2DE}.Debug Singlethreaded|Win32.ActiveCfg = Debug|Win32
		{51B9CE12-62A1-4CF4-B8EB-24EA516EF2DE}.Debug Singlethreaded|Win32.Build.0 = Debug|Win32
		{51B9CE12-62A1-4CF4-B8EB-24EA516EF2DE}.Debug|Win32.ActiveCfg = Debug|Win32
		{51B9CE12-62A1-4CF4-B8EB-24EA516EF2DE}.Debug|Win32.Build.0 = Debug|Win32
		{51B9CE12-62A1-4CF4-B8EB-24EA516EF2DE}.Release Multithreaded|Win32.ActiveCfg = Release|Win32
		{51B9CE12-62A1-4CF4-B8EB-24EA516EF2DE}.Release Multithreaded|Win32.Build.0 = Release|Win32
		{51B9CE12-62A1-4CF4-B8EB-24EA516EF2DE}.Release Singlethreaded|Win32.ActiveCfg = Release|Win32
		{51B9CE12-62A1-4CF4-B8EB-24EA516EF2DE}.Release Singlethreaded|Win32.Build.0 = Release|Win32
		{51B9CE12-62A1-4CF4-B8EB-24EA516EF2DE}.Release|Win32.ActiveCfg = Release|Win32
		{51B9CE12-62A1-4CF4-B8EB-24EA516EF2DE}.Release|Win32.Build.0 = Release|Win32
		{0FA6BA70-28DC-49F7-BDC0-BB24E02909CD}.Debug Multithreaded|Win32.ActiveCfg = Debug|Win32
		{0FA6BA70-28DC-49F7-BDC0-BB24E02909CD}.Debug Multithreaded|Win32.Build.0 = Debug|Win32
		{0FA6BA70-28DC-49F7-BDC0-BB24E02909CD}.Debug Singlethreaded|Win32.ActiveCfg = Debug|Win32
		{0FA6BA70-28DC-49F7-BDC0-BB24E02909CD}.Debug Singlethreaded|Win32.Build.0 = Debug|Win32
		{0FA6BA70-28DC-49F7-BDC0-BB24E02909CD}.Debug|Win32.ActiveCfg = Debug|Win32
		{0FA6BA70-28DC-49F7-BDC0-BB24E02909CD}.Debug|Win32.Build.0 = Debug|Win32
		{0FA6BA70-28DC-49F7-BDC0-BB24E02909CD}.Release Multithreaded|Win32.ActiveCfg = Release|Win32
		{0FA6BA70-28DC-49F7-BDC0-BB24E02909CD}.Release Multithreaded|Win32.Build.0 = Release|Win32
		{0FA6BA70-28DC-49F7-BDC0-BB24E02909CD}.Release Singlethreaded|Win32.ActiveCfg = Release|Win32
		{0FA6BA70-28DC-49F7-BDC0-BB24E02909CD}.Release Singlethreaded|Win32.Build.0 = Release|Win32
		{0FA6BA70-28DC-49F7-BDC0-BB24E02909CD}.Release|Win32.ActiveCfg = Release|Win32
		{0FA6BA70-28DC-49F7-BDC0-BB24E02909CD}.Release|Win32.Build.0 = Release|Win32
		{1030B610-AB49-4E06-B6DB-38F778FD9B03}.Debug Multithreaded|Win32.ActiveCfg = Debug|Win32
		{1030B610-AB49-4E06-B6DB-38F778FD9B03}.Debug Multithreaded|Win32.Build.0 = Debug|Win32
		{1030B610-AB49-4E06-B6DB-38F778FD9B03}.Debug Singlethreaded|Win32.ActiveCfg = Debug|Win32
		{1030B610-AB49-4E06-B6DB-38F778FD9B03}.Debug Singlethreaded|Win32.Build.0 = Debug|Win32
		{1030B610-AB49-4E06-B6DB-38F778FD9B03}.Debug|Win32.ActiveCfg = Debug|Win32
		{1030B610-AB49-4E06-B6DB-38F778FD9B03}.Debug|Win32.Build.0 = Debug|Win32
		{1030B610-AB49-4E06-B6DB-38F778FD9B03}.Release Multithreaded|Win32.ActiveCfg = Release|Win32
		{1030B610-AB49-4E06-B6DB-38F778FD9B03}.Release Multithreaded|Win32.Build.0 = Release|Win32
		{1030B610-AB49-4E06-B6DB-38F778FD9B03}.Release Singlethreaded|Win32.ActiveCfg = Release|Win32
		{1030B610-AB49-4E06-B6DB-38F778FD9B03}.Release Singlethreaded|Win32.Build.0 = Release|Win32
		{1030B610-AB49-4E06-B6DB-38F778FD9B03}.Release|Win32.ActiveCfg = Release|Win32
		{1030B610-AB49-4E06-B6DB-38F778FD9B03}.Release|Win32.Build.0 = Release|Win32
		{78B079BD-9FC7-4B9E-B4A6-96DA0F00248B}.Debug Multithreaded|Win32.ActiveCfg = Debug Multithreaded|Win32
		{78B079BD-9FC7-4B9E-B4A6-96DA0F00248B}.Debug Multithreaded|Win32.Build.0 = Debug Multithreaded|Win32
		{78B079BD-9FC7-4B9E-B4A6-96DA0F00248B}.Debug Singlethreaded|Win32.ActiveCfg = Debug Singlethreaded|Win32
		{78B079BD-9FC7-4B9E-B4A6-96DA0F00248B}.Debug Singlethreaded|Win32.Build.0 = Debug Singlethreaded|Win32
		{78B079BD-9FC7-4B9E-B4A6-96DA0F00248B}.Debug|Win32.ActiveCfg = Debug|Win32
		{78B079BD-9FC7-4B9E-B4A6-96DA0F00248B}.Debug|Win32.Build.0 = Debug|Win32
		{78B079BD-9FC7-4B9E-B4A6-96DA0F00248B}.Release Multithreaded|Win32.ActiveCfg = Release Multithreaded|Win32
		{78B079BD-9FC7-4B9E-B4A6-96DA0F00248B}.Release Multithreaded|Win32.Build.0 = Release Multithreaded|Win32
		{78B079BD-9FC7-4B9E-B4A6-96DA0F00248B}.Release Singlethreaded|Win32.ActiveCfg = Release Singlethreaded|Win32
		{78B079BD-9FC7-4B9E-B4A6-96DA0F00248B}.Release Singlethreaded|Win32.Build.0 = Release Singlethreaded|Win32
		{78B079BD-9FC7-4B9E-B4A6-96DA0F00248B}.Release|Win32.ActiveCfg = Release|Win32
		{78B079BD-9FC7-4B9E-B4A6-96DA0F00248B}.Release|Win32.Build.0 = Release|Win32
		{294CBF3C-276B-40EF-8204-D76A1AA8B9C7}.Debug Multithreaded|Win32.ActiveCfg = Debug|Win32
		{294CBF3C-276B-40EF-8204-D76A1AA8B9C7}.Debug Multithreaded|Win32.Build.0 = Debug|Win32
		{294CBF3C-276B-40EF-8204-D76A1AA8B9C7}.Debug Singlethreaded|Win32.ActiveCfg = Debug|Win32
		{294CBF3C-276B-40EF-8204-D76A1AA8B9C7}.Debug Singlethreaded|Win32.Build.0 = Debug|Win32
		{294CBF3C-276B-40EF-8204-D76A1AA8B9C7}.Debug|Win32.ActiveCfg = Debug|Win32
		{294CBF3C-276B-40EF-8204-D76A1AA8B9C7}.Debug|Win32.Build.0 = Debug|Win32
		{294CBF3C-276B-40EF-8204-D76A1AA8B9C7}.Release Multithreaded|Win32.ActiveCfg = Release|Win32
		{294CBF3C-276B-40EF-8204-D76A1AA8B9C7}.Release Multithreaded|Win32.Build.0 = Release|Win32
		{294CBF3C-276B-40EF-8204-D76A1AA8B9C7}.Release Singlethreaded|Win32.ActiveCfg = Release|Win32
		{294CBF3C-276B-40EF-8204-D76A1AA8B9C7}.Release Singlethreaded|Win32.Build.0 = Release|Win32
		{294CBF3C-276B-40EF-8204-D76A1AA8B9C7}.Release|Win32.ActiveCfg = Release|Win32
		{294CBF3C-276B-40EF-8204-D76A1AA8B9C7}.Release|Win32.Build.0 = Release|Win32
		{BA71DDB9-1CF2-412D-B69E-F945EE91A49D}.Debug Multithreaded|Win32.ActiveCfg = Debug|Win32
		{BA71DDB9-1CF2-412D-B69E-F945EE91A49D}.Debug Multithreaded|Win32.Build.0 = Debug|Win32
		{BA71DDB9-1CF2-412D-B69E-F945EE91A49D}.Debug Singlethreaded|Win32.ActiveCfg = Debug|Win32
		{BA71DDB9-1CF2-412D-B69E-F945EE91A49D}.Debug Singlethreaded|Win32.Build.0 = Debug|Win32
		{BA71DDB9-1CF2-412D-B69E-F945EE91A49D}.Debug|Win32.ActiveCfg = Debug|Win32
		{BA71DDB9-1CF2-412D-B69E-F945EE91A49D}.Debug|Win32.Build.0 = Debug|Win32
		{BA71DDB9-1CF2-412D-B69E-F945EE91A49D}.Release Multithreaded|Win32.ActiveCfg = Release|Win32
		{BA71DDB9-1CF2-412D-B69E-F945EE91A49D}.Release Multithreaded|Win32.Build.0 = Release|Win32
		{BA71DDB9-1CF2-412D-B69E-F945EE91A49D}.Release Singlethreaded|Win32.ActiveCfg = Release|Win32
		{BA71DDB9-1CF2-412D-B69E-F945EE91A49D}.Release Singlethreaded|Win32.Build.0 = Release|Win32
		{BA71DDB9-1CF2-412D-B69E-F945EE91A49D}.Release|Win32.ActiveCfg = Release|Win32
		{BA71DDB9-1CF2-412D-B69E-F945EE91A49D}.Release|Win32.Build.0 = Release|Win32
		{94705888-7225-4E26-82AA-1F7F5A7D2B20}.Debug Multithreaded|Win32.ActiveCfg = Debug|Win32
		{94705888-7225-4E26-82AA-1F7F5A7D2B20}.Debug Multithreaded|Win32.Build.0 = Debug|Win32
		{94705888-7225-4E26-82AA-1F7F5A7D2B20}.Debug Singlethreaded|Win32.ActiveCfg = Debug|Win32
		{94705888-7225-4E26-82AA-1F7F5A7D2B20}.Debug Singlethreaded|Win32.Build.0 = Debug|Win32
		{94705888-7225-4E26-82AA-1F7F5A7D2B20}.Debug|Win32.ActiveCfg = Debug|Win32
		{94705888-7225-4E26-82AA-1F7F5A7D2B20}.Debug|Win32.Build.0 = Debug|Win32
		{94705888-7225-4E26-82AA-1F7F5A7D2B20}.Release Multithreaded|Win32.ActiveCfg = Release|Win32
		{94705888-7225-4E26-82AA-1F7F5A7D2B20}.Release Multithreaded|Win32.Build.0 = Release|Win32
		{94705888-7225-4E26-82AA-1F7F5A7D2B20}.Release Singlethreaded|Win32.ActiveCfg = Release|Win32
		{94705888-7225-4E26-82AA-1F7F5A7D2B20}.Release Singlethreaded|Win32.Build.0 = Release|Win32
		{94705888-7225-4E26-82AA-1F7F5A7D2B20}.Release|Win32.ActiveCfg = Release|Win32
		{94705888-7225-4E26-82AA-1F7F5A7D2B20}.Release|Win32.Build.0 = Release|Win32
		{FBEE1ADC-53C3-408B-9426-A8FC0DACE571}.Debug Multithreaded|Win32.ActiveCfg = Debug|Win32
		{FBEE1ADC-53C3-408B-9426-A8FC0DACE571}.Debug Multithreaded|Win32.Build.0 = Debug|Win32
		{FBEE1ADC-53C3-408B-9426-A8FC0DACE571}.Debug Singlethreaded|Win32.ActiveCfg = Debug|Win32
		{FBEE1ADC-53C3-408B-9426-A8FC0DACE571}.Debug Singlethreaded|Win32.Build.0 = Debug|Win32
		{FBEE1ADC-53C3-408B-9426-A8FC0DACE571}.Debug|Win32.ActiveCfg = Debug|Win32
		{FBEE1ADC-53C3-408B-9426-A8FC0DACE571}.Debug|Win32.Build.0 = Debug|Win32
		{FBEE1ADC-53C3-408B-9426-A8FC0DACE571}.Release Multithreaded|Win32.ActiveCfg = Release|Win32
		{FBEE1ADC-53C3-408B-9426-A8FC0DACE571}.Release Multithreaded|Win32.Build.0 = Release|Win32
		{FBEE1ADC-53C3-408B-9426-A8FC0DACE571}.Release Singlethreaded|Win32.ActiveCfg = Release|Win32
		{FBEE1ADC-53C3-408B-9426-A8FC0DACE571}.Release Singlethreaded|Win32.Build.0 = Release|Win32
		{FBEE1ADC-53C3-408B-9426-A8FC0DACE571}.Release|Win32.ActiveCfg = Release|Win32
		{FBEE1ADC-53C3-408B-9426-A8FC0DACE571}.Release|Win32.Build.0 = Release|Win32
	EndGlobalSection
	GlobalSection(SolutionProperties) = preSolution
		HideSolutionNode = FALSE
	EndGlobalSection
EndGlobal
